
Microsoft Visual Studio Solution File, Format Version 12.00
# Visual Studio Version 17
VisualStudioVersion = 17.5.33516.290
MinimumVisualStudioVersion = 10.0.40219.1
Project("{FAE04EC0-301F-11D3-BF4B-00C04F79EFBC}") = "Lab10.Android", "Lab10\Lab10.Android\Lab10.Android.csproj", "{4708E7F6-297A-4F8A-911C-F419F1542736}"
EndProject
Project("{FAE04EC0-301F-11D3-BF4B-00C04F79EFBC}") = "Lab10.iOS", "Lab10\Lab10.iOS\Lab10.iOS.csproj", "{3A616AA7-FF93-4EAD-9143-F3A63C207B43}"
EndProject
Project("{FAE04EC0-301F-11D3-BF4B-00C04F79EFBC}") = "Lab10", "Lab10\Lab10\Lab10.csproj", "{B94959D6-2C8A-482C-9175-B2766E4EFD19}"
EndProject
Global
	GlobalSection(SolutionConfigurationPlatforms) = preSolution
		Debug|Any CPU = Debug|Any CPU
		Debug|iPhone = Debug|iPhone
		Debug|iPhoneSimulator = Debug|iPhoneSimulator
		Release|Any CPU = Release|Any CPU
		Release|iPhone = Release|iPhone
		Release|iPhoneSimulator = Release|iPhoneSimulator
	EndGlobalSection
	GlobalSection(ProjectConfigurationPlatforms) = postSolution
		{4708E7F6-297A-4F8A-911C-F419F1542736}.Debug|Any CPU.ActiveCfg = Debug|Any CPU
		{4708E7F6-297A-4F8A-911C-F419F1542736}.Debug|Any CPU.Build.0 = Debug|Any CPU
		{4708E7F6-297A-4F8A-911C-F419F1542736}.Debug|Any CPU.Deploy.0 = Debug|Any CPU
		{4708E7F6-297A-4F8A-911C-F419F1542736}.Debug|iPhone.ActiveCfg = Debug|Any CPU
		{4708E7F6-297A-4F8A-911C-F419F1542736}.Debug|iPhone.Build.0 = Debug|Any CPU
		{4708E7F6-297A-4F8A-911C-F419F1542736}.Debug|iPhone.Deploy.0 = Debug|Any CPU
		{4708E7F6-297A-4F8A-911C-F419F1542736}.Debug|iPhoneSimulator.ActiveCfg = Debug|Any CPU
		{4708E7F6-297A-4F8A-911C-F419F1542736}.Debug|iPhoneSimulator.Build.0 = Debug|Any CPU
		{4708E7F6-297A-4F8A-911C-F419F1542736}.Debug|iPhoneSimulator.Deploy.0 = Debug|Any CPU
		{4708E7F6-297A-4F8A-911C-F419F1542736}.Release|Any CPU.ActiveCfg = Release|Any CPU
		{4708E7F6-297A-4F8A-911C-F419F1542736}.Release|Any CPU.Build.0 = Release|Any CPU
		{4708E7F6-297A-4F8A-911C-F419F1542736}.Release|Any CPU.Deploy.0 = Release|Any CPU
		{4708E7F6-297A-4F8A-911C-F419F1542736}.Release|iPhone.ActiveCfg = Release|Any CPU
		{4708E7F6-297A-4F8A-911C-F419F1542736}.Release|iPhone.Build.0 = Release|Any CPU
		{4708E7F6-297A-4F8A-911C-F419F1542736}.Release|iPhone.Deploy.0 = Release|Any CPU
		{4708E7F6-297A-4F8A-911C-F419F1542736}.Release|iPhoneSimulator.ActiveCfg = Release|Any CPU
		{4708E7F6-297A-4F8A-911C-F419F1542736}.Release|iPhoneSimulator.Build.0 = Release|Any CPU
		{4708E7F6-297A-4F8A-911C-F419F1542736}.Release|iPhoneSimulator.Deploy.0 = Release|Any CPU
		{3A616AA7-FF93-4EAD-9143-F3A63C207B43}.Debug|Any CPU.ActiveCfg = Debug|iPhone
		{3A616AA7-FF93-4EAD-9143-F3A63C207B43}.Debug|Any CPU.Build.0 = Debug|iPhone
		{3A616AA7-FF93-4EAD-9143-F3A63C207B43}.Debug|Any CPU.Deploy.0 = Debug|iPhone
		{3A616AA7-FF93-4EAD-9143-F3A63C207B43}.Debug|iPhone.ActiveCfg = Debug|iPhone
		{3A616AA7-FF93-4EAD-9143-F3A63C207B43}.Debug|iPhone.Build.0 = Debug|iPhone
		{3A616AA7-FF93-4EAD-9143-F3A63C207B43}.Debug|iPhone.Deploy.0 = Debug|iPhone
		{3A616AA7-FF93-4EAD-9143-F3A63C207B43}.Debug|iPhoneSimulator.ActiveCfg = Debug|iPhoneSimulator
		{3A616AA7-FF93-4EAD-9143-F3A63C207B43}.Debug|iPhoneSimulator.Build.0 = Debug|iPhoneSimulator
		{3A616AA7-FF93-4EAD-9143-F3A63C207B43}.Debug|iPhoneSimulator.Deploy.0 = Debug|iPhoneSimulator
		{3A616AA7-FF93-4EAD-9143-F3A63C207B43}.Release|Any CPU.ActiveCfg = Release|iPhoneSimulator
		{3A616AA7-FF93-4EAD-9143-F3A63C207B43}.Release|Any CPU.Build.0 = Release|iPhoneSimulator
		{3A616AA7-FF93-4EAD-9143-F3A63C207B43}.Release|Any CPU.Deploy.0 = Release|iPhoneSimulator
		{3A616AA7-FF93-4EAD-9143-F3A63C207B43}.Release|iPhone.ActiveCfg = Release|iPhone
		{3A616AA7-FF93-4EAD-9143-F3A63C207B43}.Release|iPhone.Build.0 = Release|iPhone
		{3A616AA7-FF93-4EAD-9143-F3A63C207B43}.Release|iPhone.Deploy.0 = Release|iPhone
		{3A616AA7-FF93-4EAD-9143-F3A63C207B43}.Release|iPhoneSimulator.ActiveCfg = Release|iPhoneSimulator
		{3A616AA7-FF93-4EAD-9143-F3A63C207B43}.Release|iPhoneSimulator.Build.0 = Release|iPhoneSimulator
		{3A616AA7-FF93-4EAD-9143-F3A63C207B43}.Release|iPhoneSimulator.Deploy.0 = Release|iPhoneSimulator
		{B94959D6-2C8A-482C-9175-B2766E4EFD19}.Debug|Any CPU.ActiveCfg = Debug|Any CPU
		{B94959D6-2C8A-482C-9175-B2766E4EFD19}.Debug|Any CPU.Build.0 = Debug|Any CPU
		{B94959D6-2C8A-482C-9175-B2766E4EFD19}.Debug|Any CPU.Deploy.0 = Debug|Any CPU
		{B94959D6-2C8A-482C-9175-B2766E4EFD19}.Debug|iPhone.ActiveCfg = Debug|Any CPU
		{B94959D6-2C8A-482C-9175-B2766E4EFD19}.Debug|iPhone.Build.0 = Debug|Any CPU
		{B94959D6-2C8A-482C-9175-B2766E4EFD19}.Debug|iPhone.Deploy.0 = Debug|Any CPU
		{B94959D6-2C8A-482C-9175-B2766E4EFD19}.Debug|iPhoneSimulator.ActiveCfg = Debug|Any CPU
		{B94959D6-2C8A-482C-9175-B2766E4EFD19}.Debug|iPhoneSimulator.Build.0 = Debug|Any CPU
		{B94959D6-2C8A-482C-9175-B2766E4EFD19}.Debug|iPhoneSimulator.Deploy.0 = Debug|Any CPU
		{B94959D6-2C8A-482C-9175-B2766E4EFD19}.Release|Any CPU.ActiveCfg = Release|Any CPU
		{B94959D6-2C8A-482C-9175-B2766E4EFD19}.Release|Any CPU.Build.0 = Release|Any CPU
		{B94959D6-2C8A-482C-9175-B2766E4EFD19}.Release|Any CPU.Deploy.0 = Release|Any CPU
		{B94959D6-2C8A-482C-9175-B2766E4EFD19}.Release|iPhone.ActiveCfg = Release|Any CPU
		{B94959D6-2C8A-482C-9175-B2766E4EFD19}.Release|iPhone.Build.0 = Release|Any CPU
		{B94959D6-2C8A-482C-9175-B2766E4EFD19}.Release|iPhone.Deploy.0 = Release|Any CPU
		{B94959D6-2C8A-482C-9175-B2766E4EFD19}.Release|iPhoneSimulator.ActiveCfg = Release|Any CPU
		{B94959D6-2C8A-482C-9175-B2766E4EFD19}.Release|iPhoneSimulator.Build.0 = Release|Any CPU
		{B94959D6-2C8A-482C-9175-B2766E4EFD19}.Release|iPhoneSimulator.Deploy.0 = Release|Any CPU
	EndGlobalSection
	GlobalSection(SolutionProperties) = preSolution
		HideSolutionNode = FALSE
	EndGlobalSection
	GlobalSection(ExtensibilityGlobals) = postSolution
		SolutionGuid = {F19CECF2-2569-4237-9D27-E9B35B299D50}
	EndGlobalSection
EndGlobal
